
Microsoft Visual Studio Solution File, Format Version 12.00
# Visual Studio Version 16
VisualStudioVersion = 16.0.31105.61
MinimumVisualStudioVersion = 10.0.40219.1
Project("{FAE04EC0-301F-11D3-BF4B-00C04F79EFBC}") = "TestLinux", "TestLinux\TestLinux.csproj", "{FE6CA21A-00FA-48D8-BF79-4CA95A57C7C0}"
EndProject
Global
	GlobalSection(SolutionConfigurationPlatforms) = preSolution
		Debug|Any CPU = Debug|Any CPU
		Release|Any CPU = Release|Any CPU
	EndGlobalSection
	GlobalSection(ProjectConfigurationPlatforms) = postSolution
		{FE6CA21A-00FA-48D8-BF79-4CA95A57C7C0}.Debug|Any CPU.ActiveCfg = Debug|Any CPU
		{FE6CA21A-00FA-48D8-BF79-4CA95A57C7C0}.Debug|Any CPU.Build.0 = Debug|Any CPU
		{FE6CA21A-00FA-48D8-BF79-4CA95A57C7C0}.Release|Any CPU.ActiveCfg = Release|Any CPU
		{FE6CA21A-00FA-48D8-BF79-4CA95A57C7C0}.Release|Any CPU.Build.0 = Release|Any CPU
	EndGlobalSection
	GlobalSection(SolutionProperties) = preSolution
		HideSolutionNode = FALSE
	EndGlobalSection
	GlobalSection(ExtensibilityGlobals) = postSolution
		SolutionGuid = {047E73D1-9DF9-418F-B16A-4147D58817EB}
	EndGlobalSection
EndGlobal
